{
  "name": "onions",
  "lockfileVersion": 2,
  "requires": true,
  "packages": {
    "": {
      "dependencies": {
        "canvasjs": "^1.8.3",
        "faker": "^6.6.6",
        "react-chartjs-2": "^4.1.0"
      },
      "devDependencies": {
        "@faker-js/faker": "^6.1.2"
      }
    },
    "node_modules/@faker-js/faker": {
      "version": "6.1.2",
      "resolved": "https://registry.npmjs.org/@faker-js/faker/-/faker-6.1.2.tgz",
      "integrity": "sha512-QSvmexHCxeRUk1/yKmoEDaWB5Hohjvtim5g2JJwy8S/l0L4b3y/GxSpE6vN4SBoVGGahEQW21uqyRr7EofI35A==",
      "dev": true,
      "engines": {
        "node": ">=14.0.0",
        "npm": ">=6.0.0"
      }
    },
    "node_modules/canvasjs": {
      "version": "1.8.3",
      "resolved": "https://registry.npmjs.org/canvasjs/-/canvasjs-1.8.3.tgz",
      "integrity": "sha512-60eUT0VjqRgYqdIQcOkXg0Zptfbl4HefA/O51YEf1m/P0uXvE3icI/1KPrXpY9aVxn8gG/BB8DzVoTGCcyBnYg=="
    },
    "node_modules/chart.js": {
      "version": "3.7.1",
      "resolved": "https://registry.npmjs.org/chart.js/-/chart.js-3.7.1.tgz",
      "integrity": "sha512-8knRegQLFnPQAheZV8MjxIXc5gQEfDFD897BJgv/klO/vtIyFFmgMXrNfgrXpbTr/XbTturxRgxIXx/Y+ASJBA==",
      "peer": true
    },
    "node_modules/faker": {
      "version": "6.6.6",
      "resolved": "https://registry.npmjs.org/faker/-/faker-6.6.6.tgz",
      "integrity": "sha512-9tCqYEDHI5RYFQigXFwF1hnCwcWCOJl/hmll0lr5D2Ljjb0o4wphb69wikeJDz5qCEzXCoPvG6ss5SDP6IfOdg=="
    },
    "node_modules/js-tokens": {
      "version": "4.0.0",
      "resolved": "https://registry.npmjs.org/js-tokens/-/js-tokens-4.0.0.tgz",
      "integrity": "sha512-RdJUflcE3cUzKiMqQgsCu06FPu9UdIJO0beYbPhHN4k6apgJtifcoCtT9bcxOpYBtpD2kCM6Sbzg4CausW/PKQ==",
      "peer": true
    },
    "node_modules/loose-envify": {
      "version": "1.4.0",
      "resolved": "https://registry.npmjs.org/loose-envify/-/loose-envify-1.4.0.tgz",
      "integrity": "sha512-lyuxPGr/Wfhrlem2CL/UcnUc1zcqKAImBDzukY7Y5F/yQiNdko6+fRLevlw1HgMySw7f611UIY408EtxRSoK3Q==",
      "peer": true,
      "dependencies": {
        "js-tokens": "^3.0.0 || ^4.0.0"
      },
      "bin": {
        "loose-envify": "cli.js"
      }
    },
    "node_modules/react": {
      "version": "18.0.0",
      "resolved": "https://registry.npmjs.org/react/-/react-18.0.0.tgz",
      "integrity": "sha512-x+VL6wbT4JRVPm7EGxXhZ8w8LTROaxPXOqhlGyVSrv0sB1jkyFGgXxJ8LVoPRLvPR6/CIZGFmfzqUa2NYeMr2A==",
      "peer": true,
      "dependencies": {
        "loose-envify": "^1.1.0"
      },
      "engines": {
        "node": ">=0.10.0"
      }
    },
    "node_modules/react-chartjs-2": {
      "version": "4.1.0",
      "resolved": "https://registry.npmjs.org/react-chartjs-2/-/react-chartjs-2-4.1.0.tgz",
      "integrity": "sha512-AsUihxEp8Jm1oBhbEovE+w50m9PVNhz1sfwEIT4hZduRC0m14gHWHd0cUaxkFDb8HNkdMIGzsNlmVqKiOpU74g==",
      "peerDependencies": {
        "chart.js": "^3.5.0",
        "react": "^16.8.0 || ^17.0.0 || ^18.0.0"
      }
    }
  },
  "dependencies": {
    "@faker-js/faker": {
      "version": "6.1.2",
      "resolved": "https://registry.npmjs.org/@faker-js/faker/-/faker-6.1.2.tgz",
      "integrity": "sha512-QSvmexHCxeRUk1/yKmoEDaWB5Hohjvtim5g2JJwy8S/l0L4b3y/GxSpE6vN4SBoVGGahEQW21uqyRr7EofI35A==",
      "dev": true
    },
    "canvasjs": {
      "version": "1.8.3",
      "resolved": "https://registry.npmjs.org/canvasjs/-/canvasjs-1.8.3.tgz",
      "integrity": "sha512-60eUT0VjqRgYqdIQcOkXg0Zptfbl4HefA/O51YEf1m/P0uXvE3icI/1KPrXpY9aVxn8gG/BB8DzVoTGCcyBnYg=="
    },
    "chart.js": {
      "version": "3.7.1",
      "resolved": "https://registry.npmjs.org/chart.js/-/chart.js-3.7.1.tgz",
      "integrity": "sha512-8knRegQLFnPQAheZV8MjxIXc5gQEfDFD897BJgv/klO/vtIyFFmgMXrNfgrXpbTr/XbTturxRgxIXx/Y+ASJBA==",
      "peer": true
    },
    "faker": {
      "version": "6.6.6",
      "resolved": "https://registry.npmjs.org/faker/-/faker-6.6.6.tgz",
      "integrity": "sha512-9tCqYEDHI5RYFQigXFwF1hnCwcWCOJl/hmll0lr5D2Ljjb0o4wphb69wikeJDz5qCEzXCoPvG6ss5SDP6IfOdg=="
    },
    "js-tokens": {
      "version": "4.0.0",
      "resolved": "https://registry.npmjs.org/js-tokens/-/js-tokens-4.0.0.tgz",
      "integrity": "sha512-RdJUflcE3cUzKiMqQgsCu06FPu9UdIJO0beYbPhHN4k6apgJtifcoCtT9bcxOpYBtpD2kCM6Sbzg4CausW/PKQ==",
      "peer": true
    },
    "loose-envify": {
      "version": "1.4.0",
      "resolved": "https://registry.npmjs.org/loose-envify/-/loose-envify-1.4.0.tgz",
      "integrity": "sha512-lyuxPGr/Wfhrlem2CL/UcnUc1zcqKAImBDzukY7Y5F/yQiNdko6+fRLevlw1HgMySw7f611UIY408EtxRSoK3Q==",
      "peer": true,
      "requires": {
        "js-tokens": "^3.0.0 || ^4.0.0"
      }
    },
    "react": {
      "version": "18.0.0",
      "resolved": "https://registry.npmjs.org/react/-/react-18.0.0.tgz",
      "integrity": "sha512-x+VL6wbT4JRVPm7EGxXhZ8w8LTROaxPXOqhlGyVSrv0sB1jkyFGgXxJ8LVoPRLvPR6/CIZGFmfzqUa2NYeMr2A==",
      "peer": true,
      "requires": {
        "loose-envify": "^1.1.0"
      }
    },
    "react-chartjs-2": {
      "version": "4.1.0",
      "resolved": "https://registry.npmjs.org/react-chartjs-2/-/react-chartjs-2-4.1.0.tgz",
      "integrity": "sha512-AsUihxEp8Jm1oBhbEovE+w50m9PVNhz1sfwEIT4hZduRC0m14gHWHd0cUaxkFDb8HNkdMIGzsNlmVqKiOpU74g==",
      "requires": {}
    }
  }
}
